{
  "name": "myproject",
  "version": "1.0.0",
  "lockfileVersion": 1,
  "requires": true,
  "dependencies": {
    "libb": {
      "version": "file:../@mycorp/libB",
      "requires": {
        "liba": "file:../@mycorp/libA"
      },
      "dependencies": {
        "liba": {
          "version": "file:../@mycorp/libA"
        }
      }
    }
  }
}
